Microsoft Visual Studio Solution File, Format Version 12.00
# Visual Studio Version 17
VisualStudioVersion = 17.5.2.0
MinimumVisualStudioVersion = 10.0.40219.1
Project("{FAE04EC0-301F-11D3-BF4B-00C04F79EFBC}") = "pfSOA", "pfSOA.csproj", "{1D33A9DE-553F-9A0D-7EA2-05A7D54C0DCC}"
EndProject
Global
	GlobalSection(SolutionConfigurationPlatforms) = preSolution
		Debug|Any CPU = Debug|Any CPU
		Release|Any CPU = Release|Any CPU
	EndGlobalSection
	GlobalSection(ProjectConfigurationPlatforms) = postSolution
		{1D33A9DE-553F-9A0D-7EA2-05A7D54C0DCC}.Debug|Any CPU.ActiveCfg = Debug|Any CPU
		{1D33A9DE-553F-9A0D-7EA2-05A7D54C0DCC}.Debug|Any CPU.Build.0 = Debug|Any CPU
		{1D33A9DE-553F-9A0D-7EA2-05A7D54C0DCC}.Release|Any CPU.ActiveCfg = Release|Any CPU
		{1D33A9DE-553F-9A0D-7EA2-05A7D54C0DCC}.Release|Any CPU.Build.0 = Release|Any CPU
	EndGlobalSection
	GlobalSection(SolutionProperties) = preSolution
		HideSolutionNode = FALSE
	EndGlobalSection
	GlobalSection(ExtensibilityGlobals) = postSolution
		SolutionGuid = {867474F0-1314-41DF-932A-4D7E6AE56792}
	EndGlobalSection
EndGlobal
